
Microsoft Visual Studio Solution File, Format Version 12.00
# Visual Studio Version 17
VisualStudioVersion = 17.14.36408.4 d17.14
MinimumVisualStudioVersion = 10.0.40219.1
Project("{FAE04EC0-301F-11D3-BF4B-00C04F79EFBC}") = "Project.Web.Net.Mvc", "Project.Web.Net.Mvc\Project.Web.Net.Mvc.csproj", "{31A7FD75-AB02-497A-A5BA-8C59943442BB}"
EndProject
Global
	GlobalSection(SolutionConfigurationPlatforms) = preSolution
		Debug|Any CPU = Debug|Any CPU
		Release|Any CPU = Release|Any CPU
	EndGlobalSection
	GlobalSection(ProjectConfigurationPlatforms) = postSolution
		{31A7FD75-AB02-497A-A5BA-8C59943442BB}.Debug|Any CPU.ActiveCfg = Debug|Any CPU
		{31A7FD75-AB02-497A-A5BA-8C59943442BB}.Debug|Any CPU.Build.0 = Debug|Any CPU
		{31A7FD75-AB02-497A-A5BA-8C59943442BB}.Release|Any CPU.ActiveCfg = Release|Any CPU
		{31A7FD75-AB02-497A-A5BA-8C59943442BB}.Release|Any CPU.Build.0 = Release|Any CPU
	EndGlobalSection
	GlobalSection(SolutionProperties) = preSolution
		HideSolutionNode = FALSE
	EndGlobalSection
	GlobalSection(ExtensibilityGlobals) = postSolution
		SolutionGuid = {DE9E3109-8FD3-4A68-85BF-C7E93B2D05DB}
	EndGlobalSection
EndGlobal
